
Microsoft Visual Studio Solution File, Format Version 12.00
# Visual Studio Version 16
VisualStudioVersion = 16.0.30204.135
MinimumVisualStudioVersion = 10.0.40219.1
Project("{FAE04EC0-301F-11D3-BF4B-00C04F79EFBC}") = "RepositoryProblem", "RepositoryProblem\RepositoryProblem.csproj", "{D7BC63F3-B3D2-4A80-9DEC-2138E8773AAA}"
EndProject
Global
	GlobalSection(SolutionConfigurationPlatforms) = preSolution
		Debug|Any CPU = Debug|Any CPU
		Release|Any CPU = Release|Any CPU
	EndGlobalSection
	GlobalSection(ProjectConfigurationPlatforms) = postSolution
		{D7BC63F3-B3D2-4A80-9DEC-2138E8773AAA}.Debug|Any CPU.ActiveCfg = Debug|Any CPU
		{D7BC63F3-B3D2-4A80-9DEC-2138E8773AAA}.Debug|Any CPU.Build.0 = Debug|Any CPU
		{D7BC63F3-B3D2-4A80-9DEC-2138E8773AAA}.Release|Any CPU.ActiveCfg = Release|Any CPU
		{D7BC63F3-B3D2-4A80-9DEC-2138E8773AAA}.Release|Any CPU.Build.0 = Release|Any CPU
	EndGlobalSection
	GlobalSection(SolutionProperties) = preSolution
		HideSolutionNode = FALSE
	EndGlobalSection
	GlobalSection(ExtensibilityGlobals) = postSolution
		SolutionGuid = {6A220E12-0DBE-4A91-AD2C-B8A5F3C47DBA}
	EndGlobalSection
EndGlobal
